# This file is @generated by PDM.
# It is not intended for manual editing.

[metadata]
groups = ["default"]
strategy = ["inherit_metadata"]
lock_version = "4.5.0"
content_hash = "sha256:5f11bd794c9e6b51d02c5e9fefdf7a26e4739954d943b114b005eee397799276"

[[metadata.targets]]
requires_python = "==3.13.*"

[[package]]
name = "pillow"
version = "12.0.0"
requires_python = ">=3.10"
summary = "Python Imaging Library (fork)"
groups = ["default"]
files = [
    {file = "pillow-12.0.0-cp313-cp313-ios_13_0_arm64_iphoneos.whl", hash = "sha256:0869154a2d0546545cde61d1789a6524319fc1897d9ee31218eae7a60ccc5643"},
    {file = "pillow-12.0.0-cp313-cp313-ios_13_0_arm64_iphonesimulator.whl", hash = "sha256:a7921c5a6d31b3d756ec980f2f47c0cfdbce0fc48c22a39347a895f41f4a6ea4"},
    {file = "pillow-12.0.0-cp313-cp313-ios_13_0_x86_64_iphonesimulator.whl", hash = "sha256:1ee80a59f6ce048ae13cda1abf7fbd2a34ab9ee7d401c46be3ca685d1999a399"},
    {file = "pillow-12.0.0-cp313-cp313-macosx_10_13_x86_64.whl", hash = "sha256:c50f36a62a22d350c96e49ad02d0da41dbd17ddc2e29750dbdba4323f85eb4a5"},
    {file = "pillow-12.0.0-cp313-cp313-macosx_11_0_arm64.whl", hash = "sha256:5193fde9a5f23c331ea26d0cf171fbf67e3f247585f50c08b3e205c7aeb4589b"},
    {file = "pillow-12.0.0-cp313-cp313-manylinux2014_aarch64.manylinux_2_17_aarch64.whl", hash = "sha256:bde737cff1a975b70652b62d626f7785e0480918dece11e8fef3c0cf057351c3"},
    {file = "pillow-12.0.0-cp313-cp313-manylinux2014_x86_64.manylinux_2_17_x86_64.whl", hash = "sha256:a6597ff2b61d121172f5844b53f21467f7082f5fb385a9a29c01414463f93b07"},
    {file = "pillow-12.0.0-cp313-cp313-manylinux_2_27_aarch64.manylinux_2_28_aarch64.whl", hash = "sha256:0b817e7035ea7f6b942c13aa03bb554fc44fea70838ea21f8eb31c638326584e"},
    {file = "pillow-12.0.0-cp313-cp313-manylinux_2_27_x86_64.manylinux_2_28_x86_64.whl", hash = "sha256:f4f1231b7dec408e8670264ce63e9c71409d9583dd21d32c163e25213ee2a344"},
    {file = "pillow-12.0.0-cp313-cp313-musllinux_1_2_aarch64.whl", hash = "sha256:6e51b71417049ad6ab14c49608b4a24d8fb3fe605e5dfabfe523b58064dc3d27"},
    {file = "pillow-12.0.0-cp313-cp313-musllinux_1_2_x86_64.whl", hash = "sha256:d120c38a42c234dc9a8c5de7ceaaf899cf33561956acb4941653f8bdc657aa79"},
    {file = "pillow-12.0.0-cp313-cp313-win32.whl", hash = "sha256:4cc6b3b2efff105c6a1656cfe59da4fdde2cda9af1c5e0b58529b24525d0a098"},
    {file = "pillow-12.0.0-cp313-cp313-win_amd64.whl", hash = "sha256:4cf7fed4b4580601c4345ceb5d4cbf5a980d030fd5ad07c4d2ec589f95f09905"},
    {file = "pillow-12.0.0-cp313-cp313-win_arm64.whl", hash = "sha256:9f0b04c6b8584c2c193babcccc908b38ed29524b29dd464bc8801bf10d746a3a"},
    {file = "pillow-12.0.0-cp313-cp313t-macosx_10_13_x86_64.whl", hash = "sha256:7fa22993bac7b77b78cae22bad1e2a987ddf0d9015c63358032f84a53f23cdc3"},
    {file = "pillow-12.0.0-cp313-cp313t-macosx_11_0_arm64.whl", hash = "sha256:f135c702ac42262573fe9714dfe99c944b4ba307af5eb507abef1667e2cbbced"},
    {file = "pillow-12.0.0-cp313-cp313t-manylinux2014_aarch64.manylinux_2_17_aarch64.whl", hash = "sha256:c85de1136429c524e55cfa4e033b4a7940ac5c8ee4d9401cc2d1bf48154bbc7b"},
    {file = "pillow-12.0.0-cp313-cp313t-manylinux2014_x86_64.manylinux_2_17_x86_64.whl", hash = "sha256:38df9b4bfd3db902c9c2bd369bcacaf9d935b2fff73709429d95cc41554f7b3d"},
    {file = "pillow-12.0.0-cp313-cp313t-manylinux_2_27_aarch64.manylinux_2_28_aarch64.whl", hash = "sha256:7d87ef5795da03d742bf49439f9ca4d027cde49c82c5371ba52464aee266699a"},
    {file = "pillow-12.0.0-cp313-cp313t-manylinux_2_27_x86_64.manylinux_2_28_x86_64.whl", hash = "sha256:aff9e4d82d082ff9513bdd6acd4f5bd359f5b2c870907d2b0a9c5e10d40c88fe"},
    {file = "pillow-12.0.0-cp313-cp313t-musllinux_1_2_aarch64.whl", hash = "sha256:8d8ca2b210ada074d57fcee40c30446c9562e542fc46aedc19baf758a93532ee"},
    {file = "pillow-12.0.0-cp313-cp313t-musllinux_1_2_x86_64.whl", hash = "sha256:99a7f72fb6249302aa62245680754862a44179b545ded638cf1fef59befb57ef"},
    {file = "pillow-12.0.0-cp313-cp313t-win32.whl", hash = "sha256:4078242472387600b2ce8d93ade8899c12bf33fa89e55ec89fe126e9d6d5d9e9"},
    {file = "pillow-12.0.0-cp313-cp313t-win_amd64.whl", hash = "sha256:2c54c1a783d6d60595d3514f0efe9b37c8808746a66920315bfd34a938d7994b"},
    {file = "pillow-12.0.0-cp313-cp313t-win_arm64.whl", hash = "sha256:26d9f7d2b604cd23aba3e9faf795787456ac25634d82cd060556998e39c6fa47"},
    {file = "pillow-12.0.0.tar.gz", hash = "sha256:87d4f8125c9988bfbed67af47dd7a953e2fc7b0cc1e7800ec6d2080d490bb353"},
]
